
Microsoft Visual Studio Solution File, Format Version 12.00
# Visual Studio Version 16
VisualStudioVersion = 16.0.32106.194
MinimumVisualStudioVersion = 10.0.40219.1
Project("{FAE04EC0-301F-11D3-BF4B-00C04F79EFBC}") = "Service", "Service\Service.csproj", "{89AFB5CB-0EB1-49BC-AE26-E72CCD60A419}"
EndProject
Project("{FAE04EC0-301F-11D3-BF4B-00C04F79EFBC}") = "Host", "Host\Host.csproj", "{51DD9C98-81B5-4D85-8924-769E0E84AD5C}"
EndProject
Project("{FAE04EC0-301F-11D3-BF4B-00C04F79EFBC}") = "ClientService", "ClientService\ClientService.csproj", "{FF99CC5C-DA48-4A4B-A731-FD6BB20853E8}"
EndProject
Global
	GlobalSection(SolutionConfigurationPlatforms) = preSolution
		Debug|Any CPU = Debug|Any CPU
		Release|Any CPU = Release|Any CPU
	EndGlobalSection
	GlobalSection(ProjectConfigurationPlatforms) = postSolution
		{89AFB5CB-0EB1-49BC-AE26-E72CCD60A419}.Debug|Any CPU.ActiveCfg = Debug|Any CPU
		{89AFB5CB-0EB1-49BC-AE26-E72CCD60A419}.Debug|Any CPU.Build.0 = Debug|Any CPU
		{89AFB5CB-0EB1-49BC-AE26-E72CCD60A419}.Release|Any CPU.ActiveCfg = Release|Any CPU
		{89AFB5CB-0EB1-49BC-AE26-E72CCD60A419}.Release|Any CPU.Build.0 = Release|Any CPU
		{51DD9C98-81B5-4D85-8924-769E0E84AD5C}.Debug|Any CPU.ActiveCfg = Debug|Any CPU
		{51DD9C98-81B5-4D85-8924-769E0E84AD5C}.Debug|Any CPU.Build.0 = Debug|Any CPU
		{51DD9C98-81B5-4D85-8924-769E0E84AD5C}.Release|Any CPU.ActiveCfg = Release|Any CPU
		{51DD9C98-81B5-4D85-8924-769E0E84AD5C}.Release|Any CPU.Build.0 = Release|Any CPU
		{FF99CC5C-DA48-4A4B-A731-FD6BB20853E8}.Debug|Any CPU.ActiveCfg = Debug|Any CPU
		{FF99CC5C-DA48-4A4B-A731-FD6BB20853E8}.Debug|Any CPU.Build.0 = Debug|Any CPU
		{FF99CC5C-DA48-4A4B-A731-FD6BB20853E8}.Release|Any CPU.ActiveCfg = Release|Any CPU
		{FF99CC5C-DA48-4A4B-A731-FD6BB20853E8}.Release|Any CPU.Build.0 = Release|Any CPU
	EndGlobalSection
	GlobalSection(SolutionProperties) = preSolution
		HideSolutionNode = FALSE
	EndGlobalSection
	GlobalSection(ExtensibilityGlobals) = postSolution
		SolutionGuid = {5B43626B-D923-4547-899F-ED62A4EC3297}
	EndGlobalSection
EndGlobal
